
Microsoft Visual Studio Solution File, Format Version 12.00
# Visual Studio Version 17
VisualStudioVersion = 17.13.35806.99 d17.13
MinimumVisualStudioVersion = 10.0.40219.1
Project("{FAE04EC0-301F-11D3-BF4B-00C04F79EFBC}") = "WFConFin", "WFConFin\WFConFin.csproj", "{DE740E19-0E44-4F71-AD22-B14157CDA998}"
EndProject
Global
	GlobalSection(SolutionConfigurationPlatforms) = preSolution
		Debug|Any CPU = Debug|Any CPU
		Release|Any CPU = Release|Any CPU
	EndGlobalSection
	GlobalSection(ProjectConfigurationPlatforms) = postSolution
		{DE740E19-0E44-4F71-AD22-B14157CDA998}.Debug|Any CPU.ActiveCfg = Debug|Any CPU
		{DE740E19-0E44-4F71-AD22-B14157CDA998}.Debug|Any CPU.Build.0 = Debug|Any CPU
		{DE740E19-0E44-4F71-AD22-B14157CDA998}.Release|Any CPU.ActiveCfg = Release|Any CPU
		{DE740E19-0E44-4F71-AD22-B14157CDA998}.Release|Any CPU.Build.0 = Release|Any CPU
	EndGlobalSection
	GlobalSection(SolutionProperties) = preSolution
		HideSolutionNode = FALSE
	EndGlobalSection
	GlobalSection(ExtensibilityGlobals) = postSolution
		SolutionGuid = {B7643B3F-8773-4731-BA12-1C14D84466DF}
	EndGlobalSection
EndGlobal
